<?xml version="1.0" encoding="utf-8"?>
<Project ToolsVersion="4.0" xmlns="http://schemas.microsoft.com/developer/msbuild/2003">
  <ItemGroup>
    <Filter Include="Source Files">
      <UniqueIdentifier>{4FC737F1-C7A5-4376-A066-2A32D752A2FF}</UniqueIdentifier>
      <Extensions>cpp;c;cc;cxx;def;odl;idl;hpj;bat;asm;asmx</Extensions>
    </Filter>
    <Filter Include="Header Files">
      <UniqueIdentifier>{93995380-89BD-4b04-88EB-625FBE52EBFB}</UniqueIdentifier>
      <Extensions>h;hpp;hxx;hm;inl;inc;xsd</Extensions>
    </Filter>
    <Filter Include="Resource Files">
      <UniqueIdentifier>{67DA6AB6-F800-4c08-8B7A-83BB121AAD01}</UniqueIdentifier>
      <Extensions>rc;ico;cur;bmp;dlg;rc2;rct;bin;rgs;gif;jpg;jpeg;jpe;resx;tiff;tif;png;wav;mfcribbon-ms</Extensions>
    </Filter>
    <Filter Include="Resource Files\shaders">
      <UniqueIdentifier>{b5845b80-8c73-48fe-bacc-cc59d914b29c}</UniqueIdentifier>
    </Filter>
    <Filter Include="Resource Files\shaders\frist">
      <UniqueIdentifier>{c50a2fe6-4ffc-48d0-b75e-0337dd21201d}</UniqueIdentifier>
    </Filter>
    <Filter Include="Resource Files\shaders\shared">
      <UniqueIdentifier>{c458b9eb-7361-4cd5-95aa-1eef687ab3d3}</UniqueIdentifier>
    </Filter>
    <Filter Include="Source Files\edison2015">
      <UniqueIdentifier>{310b241d-fd75-4d95-bb46-003f5ae9e695}</UniqueIdentifier>
    </Filter>
    <Filter Include="Resource Files\shaders\edison2015">
      <UniqueIdentifier>{da7d053e-f67f-474f-a7ff-95e42977d758}</UniqueIdentifier>
    </Filter>
    <Filter Include="Source Files\libv2">
      <UniqueIdentifier>{c80f2138-c24c-4479-9cce-22c20e7baba6}</UniqueIdentifier>
    </Filter>
  </ItemGroup>
  <ItemGroup>
    <ClInclude Include="src\demo.h">
      <Filter>Header Files</Filter>
    </ClInclude>
    <ClInclude Include="src\klister.h">
      <Filter>Header Files</Filter>
    </ClInclude>
    <ClInclude Include="src\main.h">
      <Filter>Header Files</Filter>
    </ClInclude>
    <ClInclude Include="src\music.h">
      <Filter>Header Files</Filter>
    </ClInclude>
    <ClInclude Include="src\shader.h">
      <Filter>Header Files</Filter>
    </ClInclude>
    <ClInclude Include="src\util.h">
      <Filter>Header Files</Filter>
    </ClInclude>
    <ClInclude Include="src\winclude.h">
      <Filter>Header Files</Filter>
    </ClInclude>
    <ClInclude Include="src\fbo.h">
      <Filter>Header Files</Filter>
    </ClInclude>
    <ClInclude Include="generated\shaders.h">
      <Filter>Resource Files</Filter>
    </ClInclude>
    <ClInclude Include="src\test.h">
      <Filter>Header Files</Filter>
    </ClInclude>
    <ClInclude Include="src\edison2015\ocean.h">
      <Filter>Source Files\edison2015</Filter>
    </ClInclude>
    <ClInclude Include="src\frob_math.h">
      <Filter>Header Files</Filter>
    </ClInclude>
    <ClInclude Include="libv2\libv2.h">
      <Filter>Source Files\libv2</Filter>
    </ClInclude>
    <ClInclude Include="libv2\v2mplayer.h">
      <Filter>Source Files\libv2</Filter>
    </ClInclude>
    <ClInclude Include="src\edison2015\fft.h">
      <Filter>Source Files\edison2015</Filter>
    </ClInclude>
    <ClInclude Include="src\perf.h">
      <Filter>Header Files</Filter>
    </ClInclude>
    <ClInclude Include="src\debug.h">
      <Filter>Header Files</Filter>
    </ClInclude>
    <ClInclude Include="src\camera.h">
      <Filter>Header Files</Filter>
    </ClInclude>
  </ItemGroup>
  <ItemGroup>
    <ClCompile Include="src\util.c">
      <Filter>Source Files</Filter>
    </ClCompile>
    <ClCompile Include="src\demo.c">
      <Filter>Source Files</Filter>
    </ClCompile>
    <ClCompile Include="src\shader.c">
      <Filter>Source Files</Filter>
    </ClCompile>
    <ClCompile Include="src\klister.c">
      <Filter>Source Files</Filter>
    </ClCompile>
    <ClCompile Include="src\fbo.c">
      <Filter>Source Files</Filter>
    </ClCompile>
    <ClCompile Include="src\shader_data.c">
      <Filter>Source Files</Filter>
    </ClCompile>
    <ClCompile Include="src\main_debug.c">
      <Filter>Source Files</Filter>
    </ClCompile>
    <ClCompile Include="src\main_release.c">
      <Filter>Source Files</Filter>
    </ClCompile>
    <ClCompile Include="src\debug.c">
      <Filter>Source Files</Filter>
    </ClCompile>
    <ClCompile Include="src\edison2015\ocean.c">
      <Filter>Source Files\edison2015</Filter>
    </ClCompile>
    <ClCompile Include="src\frob_math.c">
      <Filter>Source Files</Filter>
    </ClCompile>
    <ClCompile Include="src\music.cpp">
      <Filter>Source Files</Filter>
    </ClCompile>
    <ClCompile Include="libv2\v2mplayer.cpp">
      <Filter>Source Files\libv2</Filter>
    </ClCompile>
    <ClCompile Include="src\edison2015\fft.c">
      <Filter>Source Files\edison2015</Filter>
    </ClCompile>
    <ClCompile Include="src\perf.c">
      <Filter>Source Files</Filter>
    </ClCompile>
    <ClCompile Include="src\camera.c">
      <Filter>Source Files</Filter>
    </ClCompile>
  </ItemGroup>
  <ItemGroup>
    <None Include="generated\shaders.inc">
      <Filter>Resource Files</Filter>
    </None>
    <None Include="shaders\perlin_noise_heights.glsl">
      <Filter>Resource Files\shaders</Filter>
    </None>
    <None Include="shaders\scene2.glsl">
      <Filter>Resource Files\shaders</Filter>
    </None>
    <None Include="shaders\shared\vertex.glsl">
      <Filter>Resource Files\shaders\shared</Filter>
    </None>
    <None Include="shaders\frist\vertex.glsl">
      <Filter>Resource Files\shaders\frist</Filter>
    </None>
    <None Include="shaders\frist\common.glsl">
      <Filter>Resource Files\shaders\frist</Filter>
    </None>
    <None Include="shaders\frist\intro.glsl">
      <Filter>Resource Files\shaders\frist</Filter>
    </None>
    <None Include="src\tune.asm">
      <Filter>Source Files</Filter>
    </None>
    <None Include="shaders\edison2015\common.glsl">
      <Filter>Resource Files\shaders\edison2015</Filter>
    </None>
    <None Include="shaders\edison2015\fft.glsl">
      <Filter>Resource Files\shaders\edison2015</Filter>
    </None>
    <None Include="shaders\edison2015\noise.glsl">
      <Filter>Resource Files\shaders\edison2015</Filter>
    </None>
    <None Include="shaders\edison2015\ocean_compute.glsl">
      <Filter>Resource Files\shaders\edison2015</Filter>
    </None>
    <None Include="shaders\edison2015\ocean_frag.glsl">
      <Filter>Resource Files\shaders\edison2015</Filter>
    </None>
    <None Include="shaders\edison2015\ocean_vert.glsl">
      <Filter>Resource Files\shaders\edison2015</Filter>
    </None>
    <None Include="shaders\edison2015\raymarch.glsl">
      <Filter>Resource Files\shaders\edison2015</Filter>
    </None>
    <None Include="shaders\edison2015\raymarch_frag.glsl">
      <Filter>Resource Files\shaders\edison2015</Filter>
    </None>
    <None Include="shaders\edison2015\vertex.glsl">
      <Filter>Resource Files\shaders\edison2015</Filter>
    </None>
    <None Include="shaders\shared\passthru.glsl">
      <Filter>Resource Files\shaders\shared</Filter>
    </None>
  </ItemGroup>
</Project>